// !$*UTF8*$!
{
	archiveVersion = 1;
	classes = {
	};
	objectVersion = 90;
	objects = {

/* Begin PBXBuildFile section */
		080EDEFB21B6DA7E00813479 /* EssentialFeed.framework in Frameworks */ = {isa = PBXBuildFile; fileRef = 080EDEF121B6DA7E00813479 /* EssentialFeed.framework */; };
		080EDF0C21B6DAE800813479 /* FeedImage.swift in Sources */ = {isa = PBXBuildFile; fileRef = 080EDF0B21B6DAE800813479 /* FeedImage.swift */; };
		080EDF0E21B6DCB600813479 /* FeedLoader.swift in Sources */ = {isa = PBXBuildFile; fileRef = 080EDF0D21B6DCB600813479 /* FeedLoader.swift */; };
		A73767B92F3CDF2300535D9F /* XCTestCase+MemoryLeakTracking.swift in Sources */ = {isa = PBXBuildFile; fileRef = A7EDCB832E8DE7F00061D53E /* XCTestCase+MemoryLeakTracking.swift */; };
		A748CC1E2F57AF2700E5EBE7 /* LoadFeedImageDataFromCacheUseCaseTests.swift in Sources */ = {isa = PBXBuildFile; fileRef = A748CC1D2F57AF2200E5EBE7 /* LoadFeedImageDataFromCacheUseCaseTests.swift */; };
		A748CC202F57B23D00E5EBE7 /* FeedImageDataStore.swift in Sources */ = {isa = PBXBuildFile; fileRef = A748CC1F2F57B23B00E5EBE7 /* FeedImageDataStore.swift */; };
		A748CC222F57B26500E5EBE7 /* LocalFeedImageDataLoader.swift in Sources */ = {isa = PBXBuildFile; fileRef = A748CC212F57B26200E5EBE7 /* LocalFeedImageDataLoader.swift */; };
		A762B3932F3CCCA10062B013 /* EssentialFeed.framework in Frameworks */ = {isa = PBXBuildFile; fileRef = 080EDEF121B6DA7E00813479 /* EssentialFeed.framework */; };
		A764F3812EF36E8E0041B986 /* XCTestCase+MemoryLeakTracking.swift in Sources */ = {isa = PBXBuildFile; fileRef = A7EDCB832E8DE7F00061D53E /* XCTestCase+MemoryLeakTracking.swift */; };
		A764F3822EF374BA0041B986 /* FeedCacheTestHelpers.swift in Sources */ = {isa = PBXBuildFile; fileRef = A7B172FC2ED90EB800707759 /* FeedCacheTestHelpers.swift */; };
		A764F3832EF374DE0041B986 /* SharedTestHelpers.swift in Sources */ = {isa = PBXBuildFile; fileRef = A7B172FE2ED90FD900707759 /* SharedTestHelpers.swift */; };
		A7720FD52DDBEF1900040ED5 /* LoadFeedFromRemoteUseCaseTests.swift in Sources */ = {isa = PBXBuildFile; fileRef = A7720FD42DDBEF1900040ED5 /* LoadFeedFromRemoteUseCaseTests.swift */; };
		A78155062ED663ED003CCA10 /* LoadFeedFromCacheUseCaseTests.swift in Sources */ = {isa = PBXBuildFile; fileRef = A78155052ED663ED003CCA10 /* LoadFeedFromCacheUseCaseTests.swift */; };
		A78155092ED6683A003CCA10 /* FeedStoreSpy.swift in Sources */ = {isa = PBXBuildFile; fileRef = A78155082ED6683A003CCA10 /* FeedStoreSpy.swift */; };
		A78164612F6B26A90043355E /* ImageCommentsMapper.swift in Sources */ = {isa = PBXBuildFile; fileRef = A78164602F6B26940043355E /* ImageCommentsMapper.swift */; };
		A78164632F6B26D10043355E /* RemoteImageCommentsLoader.swift in Sources */ = {isa = PBXBuildFile; fileRef = A78164622F6B26CE0043355E /* RemoteImageCommentsLoader.swift */; };
		A78164652F6B27070043355E /* LoadImageCommentsFromRemoteUseCaseTests.swift in Sources */ = {isa = PBXBuildFile; fileRef = A78164642F6B27030043355E /* LoadImageCommentsFromRemoteUseCaseTests.swift */; };
		A7862A292DE7B87E0080723C /* RemoteFeedLoader.swift in Sources */ = {isa = PBXBuildFile; fileRef = A7862A282DE7B87E0080723C /* RemoteFeedLoader.swift */; };
		A7965EFB2EF364750019A50B /* EssentialFeed.framework in Frameworks */ = {isa = PBXBuildFile; fileRef = 080EDEF121B6DA7E00813479 /* EssentialFeed.framework */; };
		A79780292EE8D9BF00357E5D /* FeedCachePolicy.swift in Sources */ = {isa = PBXBuildFile; fileRef = A79780282EE8D9BF00357E5D /* FeedCachePolicy.swift */; };
		A79863102EB2CDAC0083892E /* LocalFeedLoader.swift in Sources */ = {isa = PBXBuildFile; fileRef = A798630F2EB2CD9D0083892E /* LocalFeedLoader.swift */; };
		A79863122EB2CEB80083892E /* FeedStore.swift in Sources */ = {isa = PBXBuildFile; fileRef = A79863112EB2CEB80083892E /* FeedStore.swift */; };
		A79C47252E3C2B9900FF92E1 /* URLSessionHTTPClientTests.swift in Sources */ = {isa = PBXBuildFile; fileRef = A79C47242E3C2B8700FF92E1 /* URLSessionHTTPClientTests.swift */; };
		A79EB2D12F53DB620043F33C /* HTTPClientSpy.swift in Sources */ = {isa = PBXBuildFile; fileRef = A79EB2D02F53DB5D0043F33C /* HTTPClientSpy.swift */; };
		A79EB2D32F53DBDF0043F33C /* RemoteFeedImageDataLoader.swift in Sources */ = {isa = PBXBuildFile; fileRef = A79EB2D22F53DBDB0043F33C /* RemoteFeedImageDataLoader.swift */; };
		A79EB2D62F53DEFC0043F33C /* HTTPURLResponse+StatusCode.swift in Sources */ = {isa = PBXBuildFile; fileRef = A79EB2D52F53DEED0043F33C /* HTTPURLResponse+StatusCode.swift */; };
		A79EB2D82F53DF7C0043F33C /* URLProtocolStub.swift in Sources */ = {isa = PBXBuildFile; fileRef = A79EB2D72F53DF760043F33C /* URLProtocolStub.swift */; };
		A7A14F182EECB0B00012AB3C /* FeedStoreSpecs.swift in Sources */ = {isa = PBXBuildFile; fileRef = A7A14F172EECB0B00012AB3C /* FeedStoreSpecs.swift */; };
		A7A14F1A2EECB1F70012AB3C /* XCTestCase+FeedStoreSpecs.swift in Sources */ = {isa = PBXBuildFile; fileRef = A7A14F192EECB1F70012AB3C /* XCTestCase+FeedStoreSpecs.swift */; };
		A7A31A6C2E382F9800D6D59D /* HTTPClient.swift in Sources */ = {isa = PBXBuildFile; fileRef = A7A31A6B2E382F9500D6D59D /* HTTPClient.swift */; };
		A7A31A6E2E38309C00D6D59D /* FeedItemsMapper.swift in Sources */ = {isa = PBXBuildFile; fileRef = A7A31A6D2E38309900D6D59D /* FeedItemsMapper.swift */; };
		A7A3AAC92F58930900C9AF13 /* FeedImageDataStoreSpy.swift in Sources */ = {isa = PBXBuildFile; fileRef = A7A3AAC82F5892F900C9AF13 /* FeedImageDataStoreSpy.swift */; };
		A7A3AACB2F5893E100C9AF13 /* CacheFeedImageDataUseCaseTests.swift in Sources */ = {isa = PBXBuildFile; fileRef = A7A3AACA2F5893DF00C9AF13 /* CacheFeedImageDataUseCaseTests.swift */; };
		A7A3AACD2F58C5E700C9AF13 /* CoreDataFeedImageDataStoreTests.swift in Sources */ = {isa = PBXBuildFile; fileRef = A7A3AACC2F58C5D700C9AF13 /* CoreDataFeedImageDataStoreTests.swift */; };
		A7A3AAD02F58F49500C9AF13 /* CoreDataFeedStore+FeedImageDataLoader.swift in Sources */ = {isa = PBXBuildFile; fileRef = A7A3AACF2F58F47900C9AF13 /* CoreDataFeedStore+FeedImageDataLoader.swift */; };
		A7A3AAD22F58F8F100C9AF13 /* CoreDataFeedStore+FeedStore.swift in Sources */ = {isa = PBXBuildFile; fileRef = A7A3AAD12F58F8E100C9AF13 /* CoreDataFeedStore+FeedStore.swift */; };
		A7A630DF2E94902200847F11 /* EssentialFeed.framework in Frameworks */ = {isa = PBXBuildFile; fileRef = 080EDEF121B6DA7E00813479 /* EssentialFeed.framework */; };
		A7A630E52E9498B000847F11 /* XCTestCase+MemoryLeakTracking.swift in Sources */ = {isa = PBXBuildFile; fileRef = A7EDCB832E8DE7F00061D53E /* XCTestCase+MemoryLeakTracking.swift */; };
		A7AA406E2E8F3C9900FBB86C /* URLSessionHTTPClient.swift in Sources */ = {isa = PBXBuildFile; fileRef = A7AA406D2E8F3C9600FBB86C /* URLSessionHTTPClient.swift */; };
		A7B172FB2ED908C000707759 /* ValidateFeedCacheUseCaseTests.swift in Sources */ = {isa = PBXBuildFile; fileRef = A7B172FA2ED908C000707759 /* ValidateFeedCacheUseCaseTests.swift */; };
		A7B172FD2ED90EB800707759 /* FeedCacheTestHelpers.swift in Sources */ = {isa = PBXBuildFile; fileRef = A7B172FC2ED90EB800707759 /* FeedCacheTestHelpers.swift */; };
		A7B172FF2ED90FD900707759 /* SharedTestHelpers.swift in Sources */ = {isa = PBXBuildFile; fileRef = A7B172FE2ED90FD900707759 /* SharedTestHelpers.swift */; };
		A7B173002ED90FD900707759 /* SharedTestHelpers.swift in Sources */ = {isa = PBXBuildFile; fileRef = A7B172FE2ED90FD900707759 /* SharedTestHelpers.swift */; };
		A7B451932ED53F1200B39948 /* RemoteFeedItem.swift in Sources */ = {isa = PBXBuildFile; fileRef = A7B451922ED53F1200B39948 /* RemoteFeedItem.swift */; };
		A7B451952ED5400900B39948 /* LocalFeedImage.swift in Sources */ = {isa = PBXBuildFile; fileRef = A7B451942ED5400900B39948 /* LocalFeedImage.swift */; };
		A7B4D4AA2EA994A000DF037B /* CacheFeedUseCaseTests.swift in Sources */ = {isa = PBXBuildFile; fileRef = A7B4D4A92EA994A000DF037B /* CacheFeedUseCaseTests.swift */; };
		A7C8B37E2EF220E700319080 /* CoreDataFeedStoreTests.swift in Sources */ = {isa = PBXBuildFile; fileRef = A7C8B37D2EF220E700319080 /* CoreDataFeedStoreTests.swift */; };
		A7C8B3802EF2221800319080 /* CoreDataFeedStore.swift in Sources */ = {isa = PBXBuildFile; fileRef = A7C8B37F2EF2221800319080 /* CoreDataFeedStore.swift */; };
		A7C8B38A2EF226BC00319080 /* FeedStore.xcdatamodeld in Sources */ = {isa = PBXBuildFile; fileRef = A7C8B3882EF226BC00319080 /* FeedStore.xcdatamodeld */; };
		A7C8B38F2EF2321200319080 /* CoreDataHelpers.swift in Sources */ = {isa = PBXBuildFile; fileRef = A7C8B38E2EF2320B00319080 /* CoreDataHelpers.swift */; };
		A7C8B3912EF2329400319080 /* ManagedCache.swift in Sources */ = {isa = PBXBuildFile; fileRef = A7C8B3902EF2329000319080 /* ManagedCache.swift */; };
		A7C8B3932EF232C000319080 /* ManagedFeedImage.swift in Sources */ = {isa = PBXBuildFile; fileRef = A7C8B3922EF232B600319080 /* ManagedFeedImage.swift */; };
		A7EB6BFA2F522C5700A6E1B4 /* FeedImageDataLoader.swift in Sources */ = {isa = PBXBuildFile; fileRef = A7EB6BB72F522B9D00A6E1B4 /* FeedImageDataLoader.swift */; };
		A7EB6BFC2F522E8500A6E1B4 /* LoadFeedImageDataFromRemoteUseCaseTests.swift in Sources */ = {isa = PBXBuildFile; fileRef = A7EB6BFB2F522E7F00A6E1B4 /* LoadFeedImageDataFromRemoteUseCaseTests.swift */; };
		A7EDCB842E8DE81B0061D53E /* XCTestCase+MemoryLeakTracking.swift in Sources */ = {isa = PBXBuildFile; fileRef = A7EDCB832E8DE7F00061D53E /* XCTestCase+MemoryLeakTracking.swift */; };
		A7F0F8B92F3AAB04000A9691 /* EssentialFeediOS.framework in Frameworks */ = {isa = PBXBuildFile; fileRef = A7F0F8B02F3AAB04000A9691 /* EssentialFeediOS.framework */; };
		A7F775152F5E3FD700B0D842 /* FeedCache.swift in Sources */ = {isa = PBXBuildFile; fileRef = A7F775142F5E3FCA00B0D842 /* FeedCache.swift */; };
		A7F775222F5E437200B0D842 /* FeedImageDataCache.swift in Sources */ = {isa = PBXBuildFile; fileRef = A7F775212F5E436400B0D842 /* FeedImageDataCache.swift */; };
/* End PBXBuildFile section */

/* Begin PBXContainerItemProxy section */
		080EDEFC21B6DA7E00813479 /* PBXContainerItemProxy */ = {
			isa = PBXContainerItemProxy;
			containerPortal = 080EDEE821B6DA7E00813479 /* Project object */;
			proxyType = 1;
			remoteGlobalIDString = 080EDEF021B6DA7E00813479;
			remoteInfo = EssentialFeed;
		};
		A7965EFC2EF364750019A50B /* PBXContainerItemProxy */ = {
			isa = PBXContainerItemProxy;
			containerPortal = 080EDEE821B6DA7E00813479 /* Project object */;
			proxyType = 1;
			remoteGlobalIDString = 080EDEF021B6DA7E00813479;
			remoteInfo = EssentialFeed;
		};
		A7A630E02E94902200847F11 /* PBXContainerItemProxy */ = {
			isa = PBXContainerItemProxy;
			containerPortal = 080EDEE821B6DA7E00813479 /* Project object */;
			proxyType = 1;
			remoteGlobalIDString = 080EDEF021B6DA7E00813479;
			remoteInfo = EssentialFeed;
		};
		A7F0F8BA2F3AAB04000A9691 /* PBXContainerItemProxy */ = {
			isa = PBXContainerItemProxy;
			containerPortal = 080EDEE821B6DA7E00813479 /* Project object */;
			proxyType = 1;
			remoteGlobalIDString = A7F0F8AF2F3AAB04000A9691;
			remoteInfo = EssentialFeediOS;
		};
/* End PBXContainerItemProxy section */

/* Begin PBXFileReference section */
		080EDEF121B6DA7E00813479 /* EssentialFeed.framework */ = {isa = PBXFileReference; explicitFileType = wrapper.framework; includeInIndex = 0; path = EssentialFeed.framework; sourceTree = BUILT_PRODUCTS_DIR; };
		080EDEF521B6DA7E00813479 /* Info.plist */ = {isa = PBXFileReference; lastKnownFileType = text.plist.xml; path = Info.plist; sourceTree = "<group>"; };
		080EDEFA21B6DA7E00813479 /* EssentialFeedTests.xctest */ = {isa = PBXFileReference; explicitFileType = wrapper.cfbundle; includeInIndex = 0; path = EssentialFeedTests.xctest; sourceTree = BUILT_PRODUCTS_DIR; };
		080EDF0121B6DA7E00813479 /* Info.plist */ = {isa = PBXFileReference; lastKnownFileType = text.plist.xml; path = Info.plist; sourceTree = "<group>"; };
		080EDF0B21B6DAE800813479 /* FeedImage.swift */ = {isa = PBXFileReference; lastKnownFileType = sourcecode.swift; path = FeedImage.swift; sourceTree = "<group>"; };
		080EDF0D21B6DCB600813479 /* FeedLoader.swift */ = {isa = PBXFileReference; lastKnownFileType = sourcecode.swift; path = FeedLoader.swift; sourceTree = "<group>"; };
		A748CC1D2F57AF2200E5EBE7 /* LoadFeedImageDataFromCacheUseCaseTests.swift */ = {isa = PBXFileReference; lastKnownFileType = sourcecode.swift; path = LoadFeedImageDataFromCacheUseCaseTests.swift; sourceTree = "<group>"; };
		A748CC1F2F57B23B00E5EBE7 /* FeedImageDataStore.swift */ = {isa = PBXFileReference; lastKnownFileType = sourcecode.swift; path = FeedImageDataStore.swift; sourceTree = "<group>"; };
		A748CC212F57B26200E5EBE7 /* LocalFeedImageDataLoader.swift */ = {isa = PBXFileReference; lastKnownFileType = sourcecode.swift; path = LocalFeedImageDataLoader.swift; sourceTree = "<group>"; };
		A7720FD42DDBEF1900040ED5 /* LoadFeedFromRemoteUseCaseTests.swift */ = {isa = PBXFileReference; lastKnownFileType = sourcecode.swift; path = LoadFeedFromRemoteUseCaseTests.swift; sourceTree = "<group>"; };
		A78155052ED663ED003CCA10 /* LoadFeedFromCacheUseCaseTests.swift */ = {isa = PBXFileReference; lastKnownFileType = sourcecode.swift; path = LoadFeedFromCacheUseCaseTests.swift; sourceTree = "<group>"; };
		A78155082ED6683A003CCA10 /* FeedStoreSpy.swift */ = {isa = PBXFileReference; lastKnownFileType = sourcecode.swift; path = FeedStoreSpy.swift; sourceTree = "<group>"; };
		A78164602F6B26940043355E /* ImageCommentsMapper.swift */ = {isa = PBXFileReference; lastKnownFileType = sourcecode.swift; path = ImageCommentsMapper.swift; sourceTree = "<group>"; };
		A78164622F6B26CE0043355E /* RemoteImageCommentsLoader.swift */ = {isa = PBXFileReference; lastKnownFileType = sourcecode.swift; path = RemoteImageCommentsLoader.swift; sourceTree = "<group>"; };
		A78164642F6B27030043355E /* LoadImageCommentsFromRemoteUseCaseTests.swift */ = {isa = PBXFileReference; lastKnownFileType = sourcecode.swift; path = LoadImageCommentsFromRemoteUseCaseTests.swift; sourceTree = "<group>"; };
		A7862A282DE7B87E0080723C /* RemoteFeedLoader.swift */ = {isa = PBXFileReference; lastKnownFileType = sourcecode.swift; path = RemoteFeedLoader.swift; sourceTree = "<group>"; };
		A78BFB0F2F5F142100FCF2BE /* CI_iOS.xctestplan */ = {isa = PBXFileReference; lastKnownFileType = text; name = CI_iOS.xctestplan; path = ../EssentialApp/TestPlans/CI_iOS.xctestplan; sourceTree = "<group>"; };
		A7965EF72EF364750019A50B /* EssentialFeedCacheIntegrationTests.xctest */ = {isa = PBXFileReference; explicitFileType = wrapper.cfbundle; includeInIndex = 0; path = EssentialFeedCacheIntegrationTests.xctest; sourceTree = BUILT_PRODUCTS_DIR; };
		A79780282EE8D9BF00357E5D /* FeedCachePolicy.swift */ = {isa = PBXFileReference; lastKnownFileType = sourcecode.swift; path = FeedCachePolicy.swift; sourceTree = "<group>"; };
		A7981E6B2F3AB24E00ECE309 /* CI_macOS.xctestplan */ = {isa = PBXFileReference; lastKnownFileType = text; name = CI_macOS.xctestplan; path = TestPlans/CI_macOS.xctestplan; sourceTree = "<group>"; };
		A7981E6C2F3AB66E00ECE309 /* EssentialFeedAPIEndToEndTests.xctestplan */ = {isa = PBXFileReference; lastKnownFileType = text; name = EssentialFeedAPIEndToEndTests.xctestplan; path = TestPlans/EssentialFeedAPIEndToEndTests.xctestplan; sourceTree = "<group>"; };
		A7981E6D2F3ABAF300ECE309 /* EssentialFeedCacheIntegrationTests.xctestplan */ = {isa = PBXFileReference; lastKnownFileType = text; name = EssentialFeedCacheIntegrationTests.xctestplan; path = TestPlans/EssentialFeedCacheIntegrationTests.xctestplan; sourceTree = "<group>"; };
		A7981E7C2F3AC86C00ECE309 /* EssentialFeediOS.xctestplan */ = {isa = PBXFileReference; lastKnownFileType = text; name = EssentialFeediOS.xctestplan; path = TestPlans/EssentialFeediOS.xctestplan; sourceTree = "<group>"; };
		A798630F2EB2CD9D0083892E /* LocalFeedLoader.swift */ = {isa = PBXFileReference; lastKnownFileType = sourcecode.swift; path = LocalFeedLoader.swift; sourceTree = "<group>"; };
		A79863112EB2CEB80083892E /* FeedStore.swift */ = {isa = PBXFileReference; lastKnownFileType = sourcecode.swift; path = FeedStore.swift; sourceTree = "<group>"; };
		A79C47242E3C2B8700FF92E1 /* URLSessionHTTPClientTests.swift */ = {isa = PBXFileReference; lastKnownFileType = sourcecode.swift; path = URLSessionHTTPClientTests.swift; sourceTree = "<group>"; };
		A79EB2D02F53DB5D0043F33C /* HTTPClientSpy.swift */ = {isa = PBXFileReference; lastKnownFileType = sourcecode.swift; path = HTTPClientSpy.swift; sourceTree = "<group>"; };
		A79EB2D22F53DBDB0043F33C /* RemoteFeedImageDataLoader.swift */ = {isa = PBXFileReference; lastKnownFileType = sourcecode.swift; path = RemoteFeedImageDataLoader.swift; sourceTree = "<group>"; };
		A79EB2D52F53DEED0043F33C /* HTTPURLResponse+StatusCode.swift */ = {isa = PBXFileReference; lastKnownFileType = sourcecode.swift; path = "HTTPURLResponse+StatusCode.swift"; sourceTree = "<group>"; };
		A79EB2D72F53DF760043F33C /* URLProtocolStub.swift */ = {isa = PBXFileReference; lastKnownFileType = sourcecode.swift; path = URLProtocolStub.swift; sourceTree = "<group>"; };
		A7A14F172EECB0B00012AB3C /* FeedStoreSpecs.swift */ = {isa = PBXFileReference; lastKnownFileType = sourcecode.swift; path = FeedStoreSpecs.swift; sourceTree = "<group>"; };
		A7A14F192EECB1F70012AB3C /* XCTestCase+FeedStoreSpecs.swift */ = {isa = PBXFileReference; lastKnownFileType = sourcecode.swift; path = "XCTestCase+FeedStoreSpecs.swift"; sourceTree = "<group>"; };
		A7A31A6B2E382F9500D6D59D /* HTTPClient.swift */ = {isa = PBXFileReference; lastKnownFileType = sourcecode.swift; path = HTTPClient.swift; sourceTree = "<group>"; };
		A7A31A6D2E38309900D6D59D /* FeedItemsMapper.swift */ = {isa = PBXFileReference; lastKnownFileType = sourcecode.swift; path = FeedItemsMapper.swift; sourceTree = "<group>"; };
		A7A3AAC82F5892F900C9AF13 /* FeedImageDataStoreSpy.swift */ = {isa = PBXFileReference; lastKnownFileType = sourcecode.swift; path = FeedImageDataStoreSpy.swift; sourceTree = "<group>"; };
		A7A3AACA2F5893DF00C9AF13 /* CacheFeedImageDataUseCaseTests.swift */ = {isa = PBXFileReference; lastKnownFileType = sourcecode.swift; path = CacheFeedImageDataUseCaseTests.swift; sourceTree = "<group>"; };
		A7A3AACC2F58C5D700C9AF13 /* CoreDataFeedImageDataStoreTests.swift */ = {isa = PBXFileReference; lastKnownFileType = sourcecode.swift; path = CoreDataFeedImageDataStoreTests.swift; sourceTree = "<group>"; };
		A7A3AACE2F58F21C00C9AF13 /* FeedStore2.xcdatamodel */ = {isa = PBXFileReference; lastKnownFileType = wrapper.xcdatamodel; path = FeedStore2.xcdatamodel; sourceTree = "<group>"; };
		A7A3AACF2F58F47900C9AF13 /* CoreDataFeedStore+FeedImageDataLoader.swift */ = {isa = PBXFileReference; lastKnownFileType = sourcecode.swift; path = "CoreDataFeedStore+FeedImageDataLoader.swift"; sourceTree = "<group>"; };
		A7A3AAD12F58F8E100C9AF13 /* CoreDataFeedStore+FeedStore.swift */ = {isa = PBXFileReference; lastKnownFileType = sourcecode.swift; path = "CoreDataFeedStore+FeedStore.swift"; sourceTree = "<group>"; };
		A7A630DB2E94902200847F11 /* EssentialFeedAPIEndToEndTests.xctest */ = {isa = PBXFileReference; explicitFileType = wrapper.cfbundle; includeInIndex = 0; path = EssentialFeedAPIEndToEndTests.xctest; sourceTree = BUILT_PRODUCTS_DIR; };
		A7AA406D2E8F3C9600FBB86C /* URLSessionHTTPClient.swift */ = {isa = PBXFileReference; lastKnownFileType = sourcecode.swift; path = URLSessionHTTPClient.swift; sourceTree = "<group>"; };
		A7B172FA2ED908C000707759 /* ValidateFeedCacheUseCaseTests.swift */ = {isa = PBXFileReference; lastKnownFileType = sourcecode.swift; path = ValidateFeedCacheUseCaseTests.swift; sourceTree = "<group>"; };
		A7B172FC2ED90EB800707759 /* FeedCacheTestHelpers.swift */ = {isa = PBXFileReference; lastKnownFileType = sourcecode.swift; path = FeedCacheTestHelpers.swift; sourceTree = "<group>"; };
		A7B172FE2ED90FD900707759 /* SharedTestHelpers.swift */ = {isa = PBXFileReference; lastKnownFileType = sourcecode.swift; path = SharedTestHelpers.swift; sourceTree = "<group>"; };
		A7B451922ED53F1200B39948 /* RemoteFeedItem.swift */ = {isa = PBXFileReference; lastKnownFileType = sourcecode.swift; path = RemoteFeedItem.swift; sourceTree = "<group>"; };
		A7B451942ED5400900B39948 /* LocalFeedImage.swift */ = {isa = PBXFileReference; lastKnownFileType = sourcecode.swift; path = LocalFeedImage.swift; sourceTree = "<group>"; };
		A7B4D4A92EA994A000DF037B /* CacheFeedUseCaseTests.swift */ = {isa = PBXFileReference; lastKnownFileType = sourcecode.swift; path = CacheFeedUseCaseTests.swift; sourceTree = "<group>"; };
		A7C8B37D2EF220E700319080 /* CoreDataFeedStoreTests.swift */ = {isa = PBXFileReference; lastKnownFileType = sourcecode.swift; path = CoreDataFeedStoreTests.swift; sourceTree = "<group>"; };
		A7C8B37F2EF2221800319080 /* CoreDataFeedStore.swift */ = {isa = PBXFileReference; lastKnownFileType = sourcecode.swift; path = CoreDataFeedStore.swift; sourceTree = "<group>"; };
		A7C8B3892EF226BC00319080 /* FeedStore.xcdatamodel */ = {isa = PBXFileReference; lastKnownFileType = wrapper.xcdatamodel; path = FeedStore.xcdatamodel; sourceTree = "<group>"; };
		A7C8B38E2EF2320B00319080 /* CoreDataHelpers.swift */ = {isa = PBXFileReference; lastKnownFileType = sourcecode.swift; path = CoreDataHelpers.swift; sourceTree = "<group>"; };
		A7C8B3902EF2329000319080 /* ManagedCache.swift */ = {isa = PBXFileReference; lastKnownFileType = sourcecode.swift; path = ManagedCache.swift; sourceTree = "<group>"; };
		A7C8B3922EF232B600319080 /* ManagedFeedImage.swift */ = {isa = PBXFileReference; lastKnownFileType = sourcecode.swift; path = ManagedFeedImage.swift; sourceTree = "<group>"; };
		A7EB6BB72F522B9D00A6E1B4 /* FeedImageDataLoader.swift */ = {isa = PBXFileReference; lastKnownFileType = sourcecode.swift; path = FeedImageDataLoader.swift; sourceTree = "<group>"; };
		A7EB6BFB2F522E7F00A6E1B4 /* LoadFeedImageDataFromRemoteUseCaseTests.swift */ = {isa = PBXFileReference; lastKnownFileType = sourcecode.swift; path = LoadFeedImageDataFromRemoteUseCaseTests.swift; sourceTree = "<group>"; };
		A7EDCB832E8DE7F00061D53E /* XCTestCase+MemoryLeakTracking.swift */ = {isa = PBXFileReference; lastKnownFileType = sourcecode.swift; path = "XCTestCase+MemoryLeakTracking.swift"; sourceTree = "<group>"; };
		A7F0F8B02F3AAB04000A9691 /* EssentialFeediOS.framework */ = {isa = PBXFileReference; explicitFileType = wrapper.framework; includeInIndex = 0; path = EssentialFeediOS.framework; sourceTree = BUILT_PRODUCTS_DIR; };
		A7F0F8B82F3AAB04000A9691 /* EssentialFeediOSTests.xctest */ = {isa = PBXFileReference; explicitFileType = wrapper.cfbundle; includeInIndex = 0; path = EssentialFeediOSTests.xctest; sourceTree = BUILT_PRODUCTS_DIR; };
		A7F775142F5E3FCA00B0D842 /* FeedCache.swift */ = {isa = PBXFileReference; lastKnownFileType = sourcecode.swift; path = FeedCache.swift; sourceTree = "<group>"; };
		A7F775212F5E436400B0D842 /* FeedImageDataCache.swift */ = {isa = PBXFileReference; lastKnownFileType = sourcecode.swift; path = FeedImageDataCache.swift; sourceTree = "<group>"; };
/* End PBXFileReference section */

/* Begin PBXFileSystemSynchronizedBuildFileExceptionSet section */
		A76F347F2F51110A00C6D322 /* Exceptions for "Feed Presentation" folder in "EssentialFeed" target */ = {
			isa = PBXFileSystemSynchronizedBuildFileExceptionSet;
			membershipExceptions = (
				"/Localized: Feed.strings",
				FeedErrorViewModel.swift,
				FeedImagePresenter.swift,
				FeedImageViewModel.swift,
				FeedLoadingViewModel.swift,
				FeedPresenter.swift,
				FeedViewModel.swift,
			);
			target = 080EDEF021B6DA7E00813479 /* EssentialFeed */;
		};
		A76F34872F51196700C6D322 /* Exceptions for "Feed Presentation" folder in "EssentialFeediOSTests" target */ = {
			isa = PBXFileSystemSynchronizedBuildFileExceptionSet;
			membershipExceptions = (
				FeedLocalizationTests.swift,
			);
			target = A7F0F8B72F3AAB04000A9691 /* EssentialFeediOSTests */;
		};
/* End PBXFileSystemSynchronizedBuildFileExceptionSet section */

/* Begin PBXFileSystemSynchronizedRootGroup section */
		A76F346E2F50BA8900C6D322 /* Feed Presentation */ = {
			isa = PBXFileSystemSynchronizedRootGroup;
			exceptions = (
				A76F34872F51196700C6D322 /* Exceptions for "Feed Presentation" folder in "EssentialFeediOSTests" target */,
			);
			path = "Feed Presentation";
			sourceTree = "<group>";
		};
		A76F34762F510CC600C6D322 /* Feed Presentation */ = {
			isa = PBXFileSystemSynchronizedRootGroup;
			exceptions = (
				A76F347F2F51110A00C6D322 /* Exceptions for "Feed Presentation" folder in "EssentialFeed" target */,
			);
			path = "Feed Presentation";
			sourceTree = "<group>";
		};
		A7965EF82EF364750019A50B /* EssentialFeedCacheIntegrationTests */ = {
			isa = PBXFileSystemSynchronizedRootGroup;
			path = EssentialFeedCacheIntegrationTests;
			sourceTree = "<group>";
		};
		A7A630DC2E94902200847F11 /* EssentialFeedAPIEndToEndTests */ = {
			isa = PBXFileSystemSynchronizedRootGroup;
			path = EssentialFeedAPIEndToEndTests;
			sourceTree = "<group>";
		};
		A7F0F8B12F3AAB04000A9691 /* EssentialFeediOS */ = {
			isa = PBXFileSystemSynchronizedRootGroup;
			path = EssentialFeediOS;
			sourceTree = "<group>";
		};
		A7F0F8BC2F3AAB04000A9691 /* EssentialFeediOSTests */ = {
			isa = PBXFileSystemSynchronizedRootGroup;
			path = EssentialFeediOSTests;
			sourceTree = "<group>";
		};
/* End PBXFileSystemSynchronizedRootGroup section */

/* Begin PBXFrameworksBuildPhase section */
		080EDEEE21B6DA7E00813479 /* Frameworks */ = {
			isa = PBXFrameworksBuildPhase;
			files = (
			);
		};
		080EDEF721B6DA7E00813479 /* Frameworks */ = {
			isa = PBXFrameworksBuildPhase;
			files = (
				080EDEFB21B6DA7E00813479 /* EssentialFeed.framework in Frameworks */,
			);
		};
		A7965EF42EF364750019A50B /* Frameworks */ = {
			isa = PBXFrameworksBuildPhase;
			files = (
				A7965EFB2EF364750019A50B /* EssentialFeed.framework in Frameworks */,
			);
		};
		A7A630D82E94902200847F11 /* Frameworks */ = {
			isa = PBXFrameworksBuildPhase;
			files = (
				A7A630DF2E94902200847F11 /* EssentialFeed.framework in Frameworks */,
			);
		};
		A7F0F8AD2F3AAB04000A9691 /* Frameworks */ = {
			isa = PBXFrameworksBuildPhase;
			files = (
				A762B3932F3CCCA10062B013 /* EssentialFeed.framework in Frameworks */,
			);
		};
		A7F0F8B52F3AAB04000A9691 /* Frameworks */ = {
			isa = PBXFrameworksBuildPhase;
			files = (
				A7F0F8B92F3AAB04000A9691 /* EssentialFeediOS.framework in Frameworks */,
			);
		};
/* End PBXFrameworksBuildPhase section */

/* Begin PBXGroup section */
		080EDEE721B6DA7E00813479 = {
			isa = PBXGroup;
			children = (
				A7981E7C2F3AC86C00ECE309 /* EssentialFeediOS.xctestplan */,
				A7981E6D2F3ABAF300ECE309 /* EssentialFeedCacheIntegrationTests.xctestplan */,
				A7981E6C2F3AB66E00ECE309 /* EssentialFeedAPIEndToEndTests.xctestplan */,
				A78BFB0F2F5F142100FCF2BE /* CI_iOS.xctestplan */,
				A7981E6B2F3AB24E00ECE309 /* CI_macOS.xctestplan */,
				A7981E6A2F3AB0E400ECE309 /* TestPlans */,
				080EDEF321B6DA7E00813479 /* EssentialFeed */,
				080EDEFE21B6DA7E00813479 /* EssentialFeedTests */,
				A7A630DC2E94902200847F11 /* EssentialFeedAPIEndToEndTests */,
				A7965EF82EF364750019A50B /* EssentialFeedCacheIntegrationTests */,
				A7F0F8B12F3AAB04000A9691 /* EssentialFeediOS */,
				A7F0F8BC2F3AAB04000A9691 /* EssentialFeediOSTests */,
				A7FB9DD22F3563A000D361A7 /* Frameworks */,
				080EDEF221B6DA7E00813479 /* Products */,
			);
			sourceTree = "<group>";
		};
		080EDEF221B6DA7E00813479 /* Products */ = {
			isa = PBXGroup;
			children = (
				080EDEF121B6DA7E00813479 /* EssentialFeed.framework */,
				080EDEFA21B6DA7E00813479 /* EssentialFeedTests.xctest */,
				A7A630DB2E94902200847F11 /* EssentialFeedAPIEndToEndTests.xctest */,
				A7965EF72EF364750019A50B /* EssentialFeedCacheIntegrationTests.xctest */,
				A7F0F8B02F3AAB04000A9691 /* EssentialFeediOS.framework */,
				A7F0F8B82F3AAB04000A9691 /* EssentialFeediOSTests.xctest */,
			);
			name = Products;
			sourceTree = "<group>";
		};
		080EDEF321B6DA7E00813479 /* EssentialFeed */ = {
			isa = PBXGroup;
			children = (
				A76F34762F510CC600C6D322 /* Feed Presentation */,
				A798630E2EB2CD890083892E /* Feed Cache */,
				A7862A272DE7B8310080723C /* Feed API */,
				080EDEF521B6DA7E00813479 /* Info.plist */,
				080EDF1021B6DFA200813479 /* Feed Feature */,
			);
			path = EssentialFeed;
			sourceTree = "<group>";
		};
		080EDEFE21B6DA7E00813479 /* EssentialFeedTests */ = {
			isa = PBXGroup;
			children = (
				A76F346E2F50BA8900C6D322 /* Feed Presentation */,
				080EDF0121B6DA7E00813479 /* Info.plist */,
				A7EDCB822E8DE7C80061D53E /* Helpers */,
				A7B4D4A82EA9944400DF037B /* Feed Cache */,
				A7A31A6F2E383D9900D6D59D /* Feed API */,
			);
			path = EssentialFeedTests;
			sourceTree = "<group>";
		};
		080EDF1021B6DFA200813479 /* Feed Feature */ = {
			isa = PBXGroup;
			children = (
				A7F775142F5E3FCA00B0D842 /* FeedCache.swift */,
				080EDF0B21B6DAE800813479 /* FeedImage.swift */,
				A7F775212F5E436400B0D842 /* FeedImageDataCache.swift */,
				A7EB6BB72F522B9D00A6E1B4 /* FeedImageDataLoader.swift */,
				080EDF0D21B6DCB600813479 /* FeedLoader.swift */,
			);
			path = "Feed Feature";
			sourceTree = "<group>";
		};
		A78155072ED66812003CCA10 /* Helpers */ = {
			isa = PBXGroup;
			children = (
				A7B172FC2ED90EB800707759 /* FeedCacheTestHelpers.swift */,
				A7A3AAC82F5892F900C9AF13 /* FeedImageDataStoreSpy.swift */,
				A78155082ED6683A003CCA10 /* FeedStoreSpy.swift */,
				A7A14F192EECB1F70012AB3C /* XCTestCase+FeedStoreSpecs.swift */,
			);
			path = Helpers;
			sourceTree = "<group>";
		};
		A7862A272DE7B8310080723C /* Feed API */ = {
			isa = PBXGroup;
			children = (
				A79EB2D42F53DEDF0043F33C /* Helpers */,
				A7A31A6D2E38309900D6D59D /* FeedItemsMapper.swift */,
				A7A31A6B2E382F9500D6D59D /* HTTPClient.swift */,
				A78164602F6B26940043355E /* ImageCommentsMapper.swift */,
				A79EB2D22F53DBDB0043F33C /* RemoteFeedImageDataLoader.swift */,
				A7B451922ED53F1200B39948 /* RemoteFeedItem.swift */,
				A7862A282DE7B87E0080723C /* RemoteFeedLoader.swift */,
				A78164622F6B26CE0043355E /* RemoteImageCommentsLoader.swift */,
				A7AA406D2E8F3C9600FBB86C /* URLSessionHTTPClient.swift */,
			);
			path = "Feed API";
			sourceTree = "<group>";
		};
		A7981E6A2F3AB0E400ECE309 /* TestPlans */ = {
			isa = PBXGroup;
			children = (
			);
			path = TestPlans;
			sourceTree = "<group>";
		};
		A798630E2EB2CD890083892E /* Feed Cache */ = {
			isa = PBXGroup;
			children = (
				A7C8B3882EF226BC00319080 /* FeedStore.xcdatamodeld */,
				A7C8B38B2EF2312B00319080 /* Infrastructure */,
				A79780282EE8D9BF00357E5D /* FeedCachePolicy.swift */,
				A748CC1F2F57B23B00E5EBE7 /* FeedImageDataStore.swift */,
				A79863112EB2CEB80083892E /* FeedStore.swift */,
				A7B451942ED5400900B39948 /* LocalFeedImage.swift */,
				A748CC212F57B26200E5EBE7 /* LocalFeedImageDataLoader.swift */,
				A798630F2EB2CD9D0083892E /* LocalFeedLoader.swift */,
			);
			path = "Feed Cache";
			sourceTree = "<group>";
		};
		A79EB2CF2F53DB4A0043F33C /* Helpers */ = {
			isa = PBXGroup;
			children = (
				A79EB2D02F53DB5D0043F33C /* HTTPClientSpy.swift */,
				A79EB2D72F53DF760043F33C /* URLProtocolStub.swift */,
			);
			path = Helpers;
			sourceTree = "<group>";
		};
		A79EB2D42F53DEDF0043F33C /* Helpers */ = {
			isa = PBXGroup;
			children = (
				A79EB2D52F53DEED0043F33C /* HTTPURLResponse+StatusCode.swift */,
			);
			path = Helpers;
			sourceTree = "<group>";
		};
		A7A31A6F2E383D9900D6D59D /* Feed API */ = {
			isa = PBXGroup;
			children = (
				A79EB2CF2F53DB4A0043F33C /* Helpers */,
				A7720FD42DDBEF1900040ED5 /* LoadFeedFromRemoteUseCaseTests.swift */,
				A7EB6BFB2F522E7F00A6E1B4 /* LoadFeedImageDataFromRemoteUseCaseTests.swift */,
				A78164642F6B27030043355E /* LoadImageCommentsFromRemoteUseCaseTests.swift */,
				A79C47242E3C2B8700FF92E1 /* URLSessionHTTPClientTests.swift */,
			);
			path = "Feed API";
			sourceTree = "<group>";
		};
		A7B4D4A82EA9944400DF037B /* Feed Cache */ = {
			isa = PBXGroup;
			children = (
				A78155072ED66812003CCA10 /* Helpers */,
				A7A3AACA2F5893DF00C9AF13 /* CacheFeedImageDataUseCaseTests.swift */,
				A7B4D4A92EA994A000DF037B /* CacheFeedUseCaseTests.swift */,
				A7A3AACC2F58C5D700C9AF13 /* CoreDataFeedImageDataStoreTests.swift */,
				A7C8B37D2EF220E700319080 /* CoreDataFeedStoreTests.swift */,
				A7A14F172EECB0B00012AB3C /* FeedStoreSpecs.swift */,
				A78155052ED663ED003CCA10 /* LoadFeedFromCacheUseCaseTests.swift */,
				A748CC1D2F57AF2200E5EBE7 /* LoadFeedImageDataFromCacheUseCaseTests.swift */,
				A7B172FA2ED908C000707759 /* ValidateFeedCacheUseCaseTests.swift */,
			);
			path = "Feed Cache";
			sourceTree = "<group>";
		};
		A7C8B38B2EF2312B00319080 /* Infrastructure */ = {
			isa = PBXGroup;
			children = (
				A7C8B38D2EF231FE00319080 /* CoreData */,
			);
			path = Infrastructure;
			sourceTree = "<group>";
		};
		A7C8B38D2EF231FE00319080 /* CoreData */ = {
			isa = PBXGroup;
			children = (
				A7C8B37F2EF2221800319080 /* CoreDataFeedStore.swift */,
				A7A3AACF2F58F47900C9AF13 /* CoreDataFeedStore+FeedImageDataLoader.swift */,
				A7A3AAD12F58F8E100C9AF13 /* CoreDataFeedStore+FeedStore.swift */,
				A7C8B38E2EF2320B00319080 /* CoreDataHelpers.swift */,
				A7C8B3902EF2329000319080 /* ManagedCache.swift */,
				A7C8B3922EF232B600319080 /* ManagedFeedImage.swift */,
			);
			path = CoreData;
			sourceTree = "<group>";
		};
		A7EDCB822E8DE7C80061D53E /* Helpers */ = {
			isa = PBXGroup;
			children = (
				A7B172FE2ED90FD900707759 /* SharedTestHelpers.swift */,
				A7EDCB832E8DE7F00061D53E /* XCTestCase+MemoryLeakTracking.swift */,
			);
			path = Helpers;
			sourceTree = "<group>";
		};
		A7FB9DD22F3563A000D361A7 /* Frameworks */ = {
			isa = PBXGroup;
			children = (
			);
			name = Frameworks;
			sourceTree = "<group>";
		};
/* End PBXGroup section */

/* Begin PBXHeadersBuildPhase section */
		080EDEEC21B6DA7E00813479 /* Headers */ = {
			isa = PBXHeadersBuildPhase;
			files = (
			);
		};
		A7F0F8AB2F3AAB04000A9691 /* Headers */ = {
			isa = PBXHeadersBuildPhase;
			files = (
			);
		};
/* End PBXHeadersBuildPhase section */

/* Begin PBXNativeTarget section */
		080EDEF021B6DA7E00813479 /* EssentialFeed */ = {
			isa = PBXNativeTarget;
			buildConfigurationList = 080EDF0521B6DA7E00813479 /* Build configuration list for PBXNativeTarget "EssentialFeed" */;
			buildPhases = (
				080EDEEC21B6DA7E00813479 /* Headers */,
				080EDEED21B6DA7E00813479 /* Sources */,
				080EDEEE21B6DA7E00813479 /* Frameworks */,
				080EDEEF21B6DA7E00813479 /* Resources */,
			);
			buildRules = (
			);
			name = EssentialFeed;
			productName = EssentialFeed;
			productReference = 080EDEF121B6DA7E00813479 /* EssentialFeed.framework */;
			productType = "com.apple.product-type.framework";
		};
		080EDEF921B6DA7E00813479 /* EssentialFeedTests */ = {
			isa = PBXNativeTarget;
			buildConfigurationList = 080EDF0821B6DA7E00813479 /* Build configuration list for PBXNativeTarget "EssentialFeedTests" */;
			buildPhases = (
				080EDEF621B6DA7E00813479 /* Sources */,
				080EDEF721B6DA7E00813479 /* Frameworks */,
				080EDEF821B6DA7E00813479 /* Resources */,
			);
			buildRules = (
			);
			dependencies = (
				080EDEFD21B6DA7E00813479 /* PBXTargetDependency */,
			);
			name = EssentialFeedTests;
			productName = EssentialFeedTests;
			productReference = 080EDEFA21B6DA7E00813479 /* EssentialFeedTests.xctest */;
			productType = "com.apple.product-type.bundle.unit-test";
		};
		A7965EF62EF364750019A50B /* EssentialFeedCacheIntegrationTests */ = {
			isa = PBXNativeTarget;
			buildConfigurationList = A7965F002EF364750019A50B /* Build configuration list for PBXNativeTarget "EssentialFeedCacheIntegrationTests" */;
			buildPhases = (
				A7965EF32EF364750019A50B /* Sources */,
				A7965EF42EF364750019A50B /* Frameworks */,
				A7965EF52EF364750019A50B /* Resources */,
			);
			buildRules = (
			);
			dependencies = (
				A7965EFD2EF364750019A50B /* PBXTargetDependency */,
			);
			fileSystemSynchronizedGroups = (
				A7965EF82EF364750019A50B /* EssentialFeedCacheIntegrationTests */,
			);
			name = EssentialFeedCacheIntegrationTests;
			productName = EssentialFeedCacheIntegrationTests;
			productReference = A7965EF72EF364750019A50B /* EssentialFeedCacheIntegrationTests.xctest */;
			productType = "com.apple.product-type.bundle.unit-test";
		};
		A7A630DA2E94902200847F11 /* EssentialFeedAPIEndToEndTests */ = {
			isa = PBXNativeTarget;
			buildConfigurationList = A7A630E22E94902200847F11 /* Build configuration list for PBXNativeTarget "EssentialFeedAPIEndToEndTests" */;
			buildPhases = (
				A7A630D72E94902200847F11 /* Sources */,
				A7A630D82E94902200847F11 /* Frameworks */,
				A7A630D92E94902200847F11 /* Resources */,
			);
			buildRules = (
			);
			dependencies = (
				A7A630E12E94902200847F11 /* PBXTargetDependency */,
			);
			fileSystemSynchronizedGroups = (
				A7A630DC2E94902200847F11 /* EssentialFeedAPIEndToEndTests */,
			);
			name = EssentialFeedAPIEndToEndTests;
			productName = EssentialFeedAPIEndToEndTests;
			productReference = A7A630DB2E94902200847F11 /* EssentialFeedAPIEndToEndTests.xctest */;
			productType = "com.apple.product-type.bundle.unit-test";
		};
		A7F0F8AF2F3AAB04000A9691 /* EssentialFeediOS */ = {
			isa = PBXNativeTarget;
			buildConfigurationList = A7F0F8C32F3AAB04000A9691 /* Build configuration list for PBXNativeTarget "EssentialFeediOS" */;
			buildPhases = (
				A7F0F8AB2F3AAB04000A9691 /* Headers */,
				A7F0F8AC2F3AAB04000A9691 /* Sources */,
				A7F0F8AD2F3AAB04000A9691 /* Frameworks */,
				A7F0F8AE2F3AAB04000A9691 /* Resources */,
			);
			buildRules = (
			);
			fileSystemSynchronizedGroups = (
				A7F0F8B12F3AAB04000A9691 /* EssentialFeediOS */,
			);
			name = EssentialFeediOS;
			productName = EssentialFeediOS;
			productReference = A7F0F8B02F3AAB04000A9691 /* EssentialFeediOS.framework */;
			productType = "com.apple.product-type.framework";
		};
		A7F0F8B72F3AAB04000A9691 /* EssentialFeediOSTests */ = {
			isa = PBXNativeTarget;
			buildConfigurationList = A7F0F8C42F3AAB04000A9691 /* Build configuration list for PBXNativeTarget "EssentialFeediOSTests" */;
			buildPhases = (
				A7F0F8B42F3AAB04000A9691 /* Sources */,
				A7F0F8B52F3AAB04000A9691 /* Frameworks */,
				A7F0F8B62F3AAB04000A9691 /* Resources */,
			);
			buildRules = (
			);
			dependencies = (
				A7F0F8BB2F3AAB04000A9691 /* PBXTargetDependency */,
			);
			fileSystemSynchronizedGroups = (
				A7F0F8BC2F3AAB04000A9691 /* EssentialFeediOSTests */,
			);
			name = EssentialFeediOSTests;
			productName = EssentialFeediOSTests;
			productReference = A7F0F8B82F3AAB04000A9691 /* EssentialFeediOSTests.xctest */;
			productType = "com.apple.product-type.bundle.unit-test";
		};
/* End PBXNativeTarget section */

/* Begin PBXProject section */
		080EDEE821B6DA7E00813479 /* Project object */ = {
			isa = PBXProject;
			attributes = {
				BuildIndependentTargetsInParallel = YES;
				LastSwiftUpdateCheck = 2600;
				LastUpgradeCheck = 2630;
				ORGANIZATIONNAME = "";
				TargetAttributes = {
					080EDEF021B6DA7E00813479 = {
						CreatedOnToolsVersion = 10.1;
						LastSwiftMigration = 1540;
					};
					080EDEF921B6DA7E00813479 = {
						CreatedOnToolsVersion = 10.1;
						LastSwiftMigration = 1630;
					};
					A7965EF62EF364750019A50B = {
						CreatedOnToolsVersion = 26.0.1;
					};
					A7A630DA2E94902200847F11 = {
						CreatedOnToolsVersion = 26.0;
					};
					A7F0F8AF2F3AAB04000A9691 = {
						CreatedOnToolsVersion = 26.0.1;
						LastSwiftMigration = 2600;
					};
					A7F0F8B72F3AAB04000A9691 = {
						CreatedOnToolsVersion = 26.0.1;
						LastSwiftMigration = 2600;
					};
				};
			};
			buildConfigurationList = 080EDEEB21B6DA7E00813479 /* Build configuration list for PBXProject "EssentialFeed" */;
			developmentRegion = en;
			hasScannedForEncodings = 0;
			knownRegions = (
				en,
				Base,
				"pt-BR",
				el,
			);
			mainGroup = 080EDEE721B6DA7E00813479;
			minimizedProjectReferenceProxies = 1;
			preferredProjectObjectVersion = 90;
			productRefGroup = 080EDEF221B6DA7E00813479 /* Products */;
			projectDirPath = "";
			projectRoot = "";
			targets = (
				080EDEF021B6DA7E00813479 /* EssentialFeed */,
				080EDEF921B6DA7E00813479 /* EssentialFeedTests */,
				A7A630DA2E94902200847F11 /* EssentialFeedAPIEndToEndTests */,
				A7965EF62EF364750019A50B /* EssentialFeedCacheIntegrationTests */,
				A7F0F8AF2F3AAB04000A9691 /* EssentialFeediOS */,
				A7F0F8B72F3AAB04000A9691 /* EssentialFeediOSTests */,
			);
		};
/* End PBXProject section */

/* Begin PBXResourcesBuildPhase section */
		080EDEEF21B6DA7E00813479 /* Resources */ = {
			isa = PBXResourcesBuildPhase;
			files = (
			);
		};
		080EDEF821B6DA7E00813479 /* Resources */ = {
			isa = PBXResourcesBuildPhase;
			files = (
			);
		};
		A7965EF52EF364750019A50B /* Resources */ = {
			isa = PBXResourcesBuildPhase;
			files = (
			);
		};
		A7A630D92E94902200847F11 /* Resources */ = {
			isa = PBXResourcesBuildPhase;
			files = (
			);
		};
		A7F0F8AE2F3AAB04000A9691 /* Resources */ = {
			isa = PBXResourcesBuildPhase;
			files = (
			);
		};
		A7F0F8B62F3AAB04000A9691 /* Resources */ = {
			isa = PBXResourcesBuildPhase;
			files = (
			);
		};
/* End PBXResourcesBuildPhase section */

/* Begin PBXSourcesBuildPhase section */
		080EDEED21B6DA7E00813479 /* Sources */ = {
			isa = PBXSourcesBuildPhase;
			files = (
				A748CC202F57B23D00E5EBE7 /* FeedImageDataStore.swift in Sources */,
				A7C8B38F2EF2321200319080 /* CoreDataHelpers.swift in Sources */,
				A78164612F6B26A90043355E /* ImageCommentsMapper.swift in Sources */,
				A7A31A6E2E38309C00D6D59D /* FeedItemsMapper.swift in Sources */,
				A7A3AAD02F58F49500C9AF13 /* CoreDataFeedStore+FeedImageDataLoader.swift in Sources */,
				080EDF0E21B6DCB600813479 /* FeedLoader.swift in Sources */,
				A7B451932ED53F1200B39948 /* RemoteFeedItem.swift in Sources */,
				A7F775222F5E437200B0D842 /* FeedImageDataCache.swift in Sources */,
				A748CC222F57B26500E5EBE7 /* LocalFeedImageDataLoader.swift in Sources */,
				A79EB2D62F53DEFC0043F33C /* HTTPURLResponse+StatusCode.swift in Sources */,
				A79780292EE8D9BF00357E5D /* FeedCachePolicy.swift in Sources */,
				A7862A292DE7B87E0080723C /* RemoteFeedLoader.swift in Sources */,
				A7C8B38A2EF226BC00319080 /* FeedStore.xcdatamodeld in Sources */,
				A7B451952ED5400900B39948 /* LocalFeedImage.swift in Sources */,
				A79863122EB2CEB80083892E /* FeedStore.swift in Sources */,
				A79863102EB2CDAC0083892E /* LocalFeedLoader.swift in Sources */,
				A7F775152F5E3FD700B0D842 /* FeedCache.swift in Sources */,
				A7A3AAD22F58F8F100C9AF13 /* CoreDataFeedStore+FeedStore.swift in Sources */,
				A7A31A6C2E382F9800D6D59D /* HTTPClient.swift in Sources */,
				A78164632F6B26D10043355E /* RemoteImageCommentsLoader.swift in Sources */,
				080EDF0C21B6DAE800813479 /* FeedImage.swift in Sources */,
				A79EB2D32F53DBDF0043F33C /* RemoteFeedImageDataLoader.swift in Sources */,
				A7AA406E2E8F3C9900FBB86C /* URLSessionHTTPClient.swift in Sources */,
				A7C8B3912EF2329400319080 /* ManagedCache.swift in Sources */,
				A7EB6BFA2F522C5700A6E1B4 /* FeedImageDataLoader.swift in Sources */,
				A7C8B3802EF2221800319080 /* CoreDataFeedStore.swift in Sources */,
				A7C8B3932EF232C000319080 /* ManagedFeedImage.swift in Sources */,
			);
		};
		080EDEF621B6DA7E00813479 /* Sources */ = {
			isa = PBXSourcesBuildPhase;
			files = (
				A7C8B37E2EF220E700319080 /* CoreDataFeedStoreTests.swift in Sources */,
				A7B172FD2ED90EB800707759 /* FeedCacheTestHelpers.swift in Sources */,
				A7B172FB2ED908C000707759 /* ValidateFeedCacheUseCaseTests.swift in Sources */,
				A7720FD52DDBEF1900040ED5 /* LoadFeedFromRemoteUseCaseTests.swift in Sources */,
				A748CC1E2F57AF2700E5EBE7 /* LoadFeedImageDataFromCacheUseCaseTests.swift in Sources */,
				A79EB2D82F53DF7C0043F33C /* URLProtocolStub.swift in Sources */,
				A7EB6BFC2F522E8500A6E1B4 /* LoadFeedImageDataFromRemoteUseCaseTests.swift in Sources */,
				A79EB2D12F53DB620043F33C /* HTTPClientSpy.swift in Sources */,
				A7A3AACB2F5893E100C9AF13 /* CacheFeedImageDataUseCaseTests.swift in Sources */,
				A7A3AAC92F58930900C9AF13 /* FeedImageDataStoreSpy.swift in Sources */,
				A79C47252E3C2B9900FF92E1 /* URLSessionHTTPClientTests.swift in Sources */,
				A78155092ED6683A003CCA10 /* FeedStoreSpy.swift in Sources */,
				A7B172FF2ED90FD900707759 /* SharedTestHelpers.swift in Sources */,
				A78164652F6B27070043355E /* LoadImageCommentsFromRemoteUseCaseTests.swift in Sources */,
				A7A3AACD2F58C5E700C9AF13 /* CoreDataFeedImageDataStoreTests.swift in Sources */,
				A7B4D4AA2EA994A000DF037B /* CacheFeedUseCaseTests.swift in Sources */,
				A78155062ED663ED003CCA10 /* LoadFeedFromCacheUseCaseTests.swift in Sources */,
				A7A14F182EECB0B00012AB3C /* FeedStoreSpecs.swift in Sources */,
				A7EDCB842E8DE81B0061D53E /* XCTestCase+MemoryLeakTracking.swift in Sources */,
				A7A14F1A2EECB1F70012AB3C /* XCTestCase+FeedStoreSpecs.swift in Sources */,
			);
		};
		A7965EF32EF364750019A50B /* Sources */ = {
			isa = PBXSourcesBuildPhase;
			files = (
				A764F3832EF374DE0041B986 /* SharedTestHelpers.swift in Sources */,
				A764F3822EF374BA0041B986 /* FeedCacheTestHelpers.swift in Sources */,
				A764F3812EF36E8E0041B986 /* XCTestCase+MemoryLeakTracking.swift in Sources */,
			);
		};
		A7A630D72E94902200847F11 /* Sources */ = {
			isa = PBXSourcesBuildPhase;
			files = (
				A7A630E52E9498B000847F11 /* XCTestCase+MemoryLeakTracking.swift in Sources */,
				A7B173002ED90FD900707759 /* SharedTestHelpers.swift in Sources */,
			);
		};
		A7F0F8AC2F3AAB04000A9691 /* Sources */ = {
			isa = PBXSourcesBuildPhase;
			files = (
			);
		};
		A7F0F8B42F3AAB04000A9691 /* Sources */ = {
			isa = PBXSourcesBuildPhase;
			files = (
				A73767B92F3CDF2300535D9F /* XCTestCase+MemoryLeakTracking.swift in Sources */,
			);
		};
/* End PBXSourcesBuildPhase section */

/* Begin PBXTargetDependency section */
		080EDEFD21B6DA7E00813479 /* PBXTargetDependency */ = {
			isa = PBXTargetDependency;
			target = 080EDEF021B6DA7E00813479 /* EssentialFeed */;
			targetProxy = 080EDEFC21B6DA7E00813479 /* PBXContainerItemProxy */;
		};
		A7965EFD2EF364750019A50B /* PBXTargetDependency */ = {
			isa = PBXTargetDependency;
			target = 080EDEF021B6DA7E00813479 /* EssentialFeed */;
			targetProxy = A7965EFC2EF364750019A50B /* PBXContainerItemProxy */;
		};
		A7A630E12E94902200847F11 /* PBXTargetDependency */ = {
			isa = PBXTargetDependency;
			target = 080EDEF021B6DA7E00813479 /* EssentialFeed */;
			targetProxy = A7A630E02E94902200847F11 /* PBXContainerItemProxy */;
		};
		A7F0F8BB2F3AAB04000A9691 /* PBXTargetDependency */ = {
			isa = PBXTargetDependency;
			target = A7F0F8AF2F3AAB04000A9691 /* EssentialFeediOS */;
			targetProxy = A7F0F8BA2F3AAB04000A9691 /* PBXContainerItemProxy */;
		};
/* End PBXTargetDependency section */

/* Begin XCBuildConfiguration section */
		080EDF0321B6DA7E00813479 /* Debug configuration for PBXProject "EssentialFeed" */ = {
			isa = XCBuildConfiguration;
			buildSettings = {
				ALWAYS_SEARCH_USER_PATHS = NO;
				ASSETCATALOG_COMPILER_GENERATE_SWIFT_ASSET_SYMBOL_EXTENSIONS = YES;
				CLANG_ANALYZER_LOCALIZABILITY_NONLOCALIZED = YES;
				CLANG_ANALYZER_NONNULL = YES;
				CLANG_ANALYZER_NUMBER_OBJECT_CONVERSION = YES_AGGRESSIVE;
				CLANG_CXX_LANGUAGE_STANDARD = "gnu++14";
				CLANG_CXX_LIBRARY = "libc++";
				CLANG_ENABLE_MODULES = YES;
				CLANG_ENABLE_OBJC_ARC = YES;
				CLANG_ENABLE_OBJC_WEAK = YES;
				CLANG_WARN_BLOCK_CAPTURE_AUTORELEASING = YES;
				CLANG_WARN_BOOL_CONVERSION = YES;
				CLANG_WARN_COMMA = YES;
				CLANG_WARN_CONSTANT_CONVERSION = YES;
				CLANG_WARN_DEPRECATED_OBJC_IMPLEMENTATIONS = YES;
				CLANG_WARN_DIRECT_OBJC_ISA_USAGE = YES_ERROR;
				CLANG_WARN_DOCUMENTATION_COMMENTS = YES;
				CLANG_WARN_EMPTY_BODY = YES;
				CLANG_WARN_ENUM_CONVERSION = YES;
				CLANG_WARN_INFINITE_RECURSION = YES;
				CLANG_WARN_INT_CONVERSION = YES;
				CLANG_WARN_NON_LITERAL_NULL_CONVERSION = YES;
				CLANG_WARN_OBJC_IMPLICIT_RETAIN_SELF = YES;
				CLANG_WARN_OBJC_LITERAL_CONVERSION = YES;
				CLANG_WARN_OBJC_ROOT_CLASS = YES_ERROR;
				CLANG_WARN_QUOTED_INCLUDE_IN_FRAMEWORK_HEADER = YES;
				CLANG_WARN_RANGE_LOOP_ANALYSIS = YES;
				CLANG_WARN_STRICT_PROTOTYPES = YES;
				CLANG_WARN_SUSPICIOUS_MOVE = YES;
				CLANG_WARN_UNGUARDED_AVAILABILITY = YES_AGGRESSIVE;
				CLANG_WARN_UNREACHABLE_CODE = YES;
				CLANG_WARN__DUPLICATE_METHOD_MATCH = YES;
				CODE_SIGN_IDENTITY = "Mac Developer";
				COPY_PHASE_STRIP = NO;
				CURRENT_PROJECT_VERSION = 1;
				DEAD_CODE_STRIPPING = YES;
				DEBUG_INFORMATION_FORMAT = dwarf;
				ENABLE_STRICT_OBJC_MSGSEND = YES;
				ENABLE_TESTABILITY = YES;
				ENABLE_USER_SCRIPT_SANDBOXING = YES;
				GCC_C_LANGUAGE_STANDARD = gnu11;
				GCC_DYNAMIC_NO_PIC = NO;
				GCC_NO_COMMON_BLOCKS = YES;
				GCC_OPTIMIZATION_LEVEL = 0;
				GCC_PREPROCESSOR_DEFINITIONS = (
					"DEBUG=1",
					"$(inherited)",
				);
				GCC_WARN_64_TO_32_BIT_CONVERSION = YES;
				GCC_WARN_ABOUT_RETURN_TYPE = YES_ERROR;
				GCC_WARN_UNDECLARED_SELECTOR = YES;
				GCC_WARN_UNINITIALIZED_AUTOS = YES_AGGRESSIVE;
				GCC_WARN_UNUSED_FUNCTION = YES;
				GCC_WARN_UNUSED_VARIABLE = YES;
				MACOSX_DEPLOYMENT_TARGET = 14.0;
				MTL_ENABLE_DEBUG_INFO = INCLUDE_SOURCE;
				MTL_FAST_MATH = YES;
				ONLY_ACTIVE_ARCH = YES;
				SDKROOT = macosx;
				STRING_CATALOG_GENERATE_SYMBOLS = YES;
				SWIFT_ACTIVE_COMPILATION_CONDITIONS = DEBUG;
				SWIFT_OPTIMIZATION_LEVEL = "-Onone";
				SWIFT_STRICT_CONCURRENCY = minimal;
				SWIFT_VERSION = 5.0;
				VERSIONING_SYSTEM = "apple-generic";
				VERSION_INFO_PREFIX = "";
			};
			name = Debug;
		};
		080EDF0421B6DA7E00813479 /* Release configuration for PBXProject "EssentialFeed" */ = {
			isa = XCBuildConfiguration;
			buildSettings = {
				ALWAYS_SEARCH_USER_PATHS = NO;
				ASSETCATALOG_COMPILER_GENERATE_SWIFT_ASSET_SYMBOL_EXTENSIONS = YES;
				CLANG_ANALYZER_LOCALIZABILITY_NONLOCALIZED = YES;
				CLANG_ANALYZER_NONNULL = YES;
				CLANG_ANALYZER_NUMBER_OBJECT_CONVERSION = YES_AGGRESSIVE;
				CLANG_CXX_LANGUAGE_STANDARD = "gnu++14";
				CLANG_CXX_LIBRARY = "libc++";
				CLANG_ENABLE_MODULES = YES;
				CLANG_ENABLE_OBJC_ARC = YES;
				CLANG_ENABLE_OBJC_WEAK = YES;
				CLANG_WARN_BLOCK_CAPTURE_AUTORELEASING = YES;
				CLANG_WARN_BOOL_CONVERSION = YES;
				CLANG_WARN_COMMA = YES;
				CLANG_WARN_CONSTANT_CONVERSION = YES;
				CLANG_WARN_DEPRECATED_OBJC_IMPLEMENTATIONS = YES;
				CLANG_WARN_DIRECT_OBJC_ISA_USAGE = YES_ERROR;
				CLANG_WARN_DOCUMENTATION_COMMENTS = YES;
				CLANG_WARN_EMPTY_BODY = YES;
				CLANG_WARN_ENUM_CONVERSION = YES;
				CLANG_WARN_INFINITE_RECURSION = YES;
				CLANG_WARN_INT_CONVERSION = YES;
				CLANG_WARN_NON_LITERAL_NULL_CONVERSION = YES;
				CLANG_WARN_OBJC_IMPLICIT_RETAIN_SELF = YES;
				CLANG_WARN_OBJC_LITERAL_CONVERSION = YES;
				CLANG_WARN_OBJC_ROOT_CLASS = YES_ERROR;
				CLANG_WARN_QUOTED_INCLUDE_IN_FRAMEWORK_HEADER = YES;
				CLANG_WARN_RANGE_LOOP_ANALYSIS = YES;
				CLANG_WARN_STRICT_PROTOTYPES = YES;
				CLANG_WARN_SUSPICIOUS_MOVE = YES;
				CLANG_WARN_UNGUARDED_AVAILABILITY = YES_AGGRESSIVE;
				CLANG_WARN_UNREACHABLE_CODE = YES;
				CLANG_WARN__DUPLICATE_METHOD_MATCH = YES;
				CODE_SIGN_IDENTITY = "Mac Developer";
				COPY_PHASE_STRIP = NO;
				CURRENT_PROJECT_VERSION = 1;
				DEAD_CODE_STRIPPING = YES;
				DEBUG_INFORMATION_FORMAT = "dwarf-with-dsym";
				ENABLE_NS_ASSERTIONS = NO;
				ENABLE_STRICT_OBJC_MSGSEND = YES;
				ENABLE_USER_SCRIPT_SANDBOXING = YES;
				GCC_C_LANGUAGE_STANDARD = gnu11;
				GCC_NO_COMMON_BLOCKS = YES;
				GCC_WARN_64_TO_32_BIT_CONVERSION = YES;
				GCC_WARN_ABOUT_RETURN_TYPE = YES_ERROR;
				GCC_WARN_UNDECLARED_SELECTOR = YES;
				GCC_WARN_UNINITIALIZED_AUTOS = YES_AGGRESSIVE;
				GCC_WARN_UNUSED_FUNCTION = YES;
				GCC_WARN_UNUSED_VARIABLE = YES;
				MACOSX_DEPLOYMENT_TARGET = 14.0;
				MTL_ENABLE_DEBUG_INFO = NO;
				MTL_FAST_MATH = YES;
				SDKROOT = macosx;
				STRING_CATALOG_GENERATE_SYMBOLS = YES;
				SWIFT_COMPILATION_MODE = wholemodule;
				SWIFT_OPTIMIZATION_LEVEL = "-O";
				SWIFT_STRICT_CONCURRENCY = minimal;
				SWIFT_VERSION = 5.0;
				VERSIONING_SYSTEM = "apple-generic";
				VERSION_INFO_PREFIX = "";
			};
			name = Release;
		};
		080EDF0621B6DA7E00813479 /* Debug configuration for PBXNativeTarget "EssentialFeed" */ = {
			isa = XCBuildConfiguration;
			buildSettings = {
				CLANG_ENABLE_MODULES = YES;
				CODE_SIGN_IDENTITY = "";
				CODE_SIGN_STYLE = Automatic;
				COMBINE_HIDPI_IMAGES = YES;
				DEAD_CODE_STRIPPING = YES;
				DEFINES_MODULE = YES;
				DEVELOPMENT_TEAM = "";
				DYLIB_COMPATIBILITY_VERSION = 1;
				DYLIB_CURRENT_VERSION = 1;
				DYLIB_INSTALL_NAME_BASE = "@rpath";
				ENABLE_MODULE_VERIFIER = YES;
				FRAMEWORK_VERSION = A;
				INFOPLIST_FILE = EssentialFeed/Info.plist;
				INSTALL_PATH = "$(LOCAL_LIBRARY_DIR)/Frameworks";
				IPHONEOS_DEPLOYMENT_TARGET = 16.4;
				LD_RUNPATH_SEARCH_PATHS = (
					"$(inherited)",
					"@executable_path/../Frameworks",
					"@loader_path/Frameworks",
				);
				MACOSX_DEPLOYMENT_TARGET = 15.6;
				MODULE_VERIFIER_SUPPORTED_LANGUAGE_STANDARDS = "gnu11 gnu++14";
				PRODUCT_BUNDLE_IDENTIFIER = com.essentialdeveloper.EssentialFeed;
				PRODUCT_NAME = "$(TARGET_NAME:c99extidentifier)";
				SKIP_INSTALL = YES;
				SUPPORTED_PLATFORMS = "iphoneos iphonesimulator macosx";
				SUPPORTS_MACCATALYST = NO;
				SWIFT_OPTIMIZATION_LEVEL = "-Onone";
				TARGETED_DEVICE_FAMILY = 1;
			};
			name = Debug;
		};
		080EDF0721B6DA7E00813479 /* Release configuration for PBXNativeTarget "EssentialFeed" */ = {
			isa = XCBuildConfiguration;
			buildSettings = {
				CLANG_ENABLE_MODULES = YES;
				CODE_SIGN_IDENTITY = "";
				CODE_SIGN_STYLE = Automatic;
				COMBINE_HIDPI_IMAGES = YES;
				DEAD_CODE_STRIPPING = YES;
				DEFINES_MODULE = YES;
				DEVELOPMENT_TEAM = "";
				DYLIB_COMPATIBILITY_VERSION = 1;
				DYLIB_CURRENT_VERSION = 1;
				DYLIB_INSTALL_NAME_BASE = "@rpath";
				ENABLE_MODULE_VERIFIER = YES;
				FRAMEWORK_VERSION = A;
				INFOPLIST_FILE = EssentialFeed/Info.plist;
				INSTALL_PATH = "$(LOCAL_LIBRARY_DIR)/Frameworks";
				IPHONEOS_DEPLOYMENT_TARGET = 16.4;
				LD_RUNPATH_SEARCH_PATHS = (
					"$(inherited)",
					"@executable_path/../Frameworks",
					"@loader_path/Frameworks",
				);
				MACOSX_DEPLOYMENT_TARGET = 15.6;
				MODULE_VERIFIER_SUPPORTED_LANGUAGE_STANDARDS = "gnu11 gnu++14";
				PRODUCT_BUNDLE_IDENTIFIER = com.essentialdeveloper.EssentialFeed;
				PRODUCT_NAME = "$(TARGET_NAME:c99extidentifier)";
				SKIP_INSTALL = YES;
				SUPPORTED_PLATFORMS = "iphoneos iphonesimulator macosx";
				SUPPORTS_MACCATALYST = NO;
				TARGETED_DEVICE_FAMILY = 1;
			};
			name = Release;
		};
		080EDF0921B6DA7E00813479 /* Debug configuration for PBXNativeTarget "EssentialFeedTests" */ = {
			isa = XCBuildConfiguration;
			buildSettings = {
				CLANG_ENABLE_MODULES = YES;
				"CODE_SIGN_IDENTITY[sdk=macosx*]" = "-";
				CODE_SIGN_STYLE = Automatic;
				COMBINE_HIDPI_IMAGES = YES;
				DEAD_CODE_STRIPPING = YES;
				DEVELOPMENT_TEAM = "";
				INFOPLIST_FILE = EssentialFeedTests/Info.plist;
				IPHONEOS_DEPLOYMENT_TARGET = 16.4;
				LD_RUNPATH_SEARCH_PATHS = (
					"$(inherited)",
					"@executable_path/../Frameworks",
					"@loader_path/../Frameworks",
				);
				MACOSX_DEPLOYMENT_TARGET = 15.6;
				PRODUCT_BUNDLE_IDENTIFIER = com.essentialdeveloper.EssentialFeedTests;
				PRODUCT_NAME = "$(TARGET_NAME)";
				SUPPORTED_PLATFORMS = "iphoneos iphonesimulator macosx";
				SUPPORTS_MACCATALYST = NO;
				SWIFT_OPTIMIZATION_LEVEL = "-Onone";
				SWIFT_VERSION = 5.0;
				TARGETED_DEVICE_FAMILY = 1;
			};
			name = Debug;
		};
		080EDF0A21B6DA7E00813479 /* Release configuration for PBXNativeTarget "EssentialFeedTests" */ = {
			isa = XCBuildConfiguration;
			buildSettings = {
				CLANG_ENABLE_MODULES = YES;
				"CODE_SIGN_IDENTITY[sdk=macosx*]" = "-";
				CODE_SIGN_STYLE = Automatic;
				COMBINE_HIDPI_IMAGES = YES;
				DEAD_CODE_STRIPPING = YES;
				DEVELOPMENT_TEAM = "";
				INFOPLIST_FILE = EssentialFeedTests/Info.plist;
				IPHONEOS_DEPLOYMENT_TARGET = 16.4;
				LD_RUNPATH_SEARCH_PATHS = (
					"$(inherited)",
					"@executable_path/../Frameworks",
					"@loader_path/../Frameworks",
				);
				MACOSX_DEPLOYMENT_TARGET = 15.6;
				PRODUCT_BUNDLE_IDENTIFIER = com.essentialdeveloper.EssentialFeedTests;
				PRODUCT_NAME = "$(TARGET_NAME)";
				SUPPORTED_PLATFORMS = "iphoneos iphonesimulator macosx";
				SUPPORTS_MACCATALYST = NO;
				SWIFT_VERSION = 5.0;
				TARGETED_DEVICE_FAMILY = 1;
			};
			name = Release;
		};
		A7965EFE2EF364750019A50B /* Debug configuration for PBXNativeTarget "EssentialFeedCacheIntegrationTests" */ = {
			isa = XCBuildConfiguration;
			buildSettings = {
				CLANG_CXX_LANGUAGE_STANDARD = "gnu++20";
				CODE_SIGN_STYLE = Automatic;
				CURRENT_PROJECT_VERSION = 1;
				DEVELOPMENT_TEAM = 3288B6Y39Y;
				GCC_C_LANGUAGE_STANDARD = gnu17;
				GENERATE_INFOPLIST_FILE = YES;
				IPHONEOS_DEPLOYMENT_TARGET = 16.4;
				LOCALIZATION_PREFERS_STRING_CATALOGS = YES;
				MACOSX_DEPLOYMENT_TARGET = 15.6;
				MARKETING_VERSION = 1.0;
				PRODUCT_BUNDLE_IDENTIFIER = com.rhuancoder.EssentialFeedCacheIntegrationTests;
				PRODUCT_NAME = "$(TARGET_NAME)";
				STRING_CATALOG_GENERATE_SYMBOLS = NO;
				SUPPORTED_PLATFORMS = "iphoneos iphonesimulator macosx";
				SUPPORTS_MACCATALYST = NO;
				SWIFT_ACTIVE_COMPILATION_CONDITIONS = "DEBUG $(inherited)";
				SWIFT_APPROACHABLE_CONCURRENCY = YES;
				SWIFT_EMIT_LOC_STRINGS = NO;
				SWIFT_UPCOMING_FEATURE_MEMBER_IMPORT_VISIBILITY = YES;
				SWIFT_VERSION = 5.0;
				TARGETED_DEVICE_FAMILY = 1;
			};
			name = Debug;
		};
		A7965EFF2EF364750019A50B /* Release configuration for PBXNativeTarget "EssentialFeedCacheIntegrationTests" */ = {
			isa = XCBuildConfiguration;
			buildSettings = {
				CLANG_CXX_LANGUAGE_STANDARD = "gnu++20";
				CODE_SIGN_STYLE = Automatic;
				CURRENT_PROJECT_VERSION = 1;
				DEVELOPMENT_TEAM = 3288B6Y39Y;
				GCC_C_LANGUAGE_STANDARD = gnu17;
				GENERATE_INFOPLIST_FILE = YES;
				IPHONEOS_DEPLOYMENT_TARGET = 16.4;
				LOCALIZATION_PREFERS_STRING_CATALOGS = YES;
				MACOSX_DEPLOYMENT_TARGET = 15.6;
				MARKETING_VERSION = 1.0;
				PRODUCT_BUNDLE_IDENTIFIER = com.rhuancoder.EssentialFeedCacheIntegrationTests;
				PRODUCT_NAME = "$(TARGET_NAME)";
				STRING_CATALOG_GENERATE_SYMBOLS = NO;
				SUPPORTED_PLATFORMS = "iphoneos iphonesimulator macosx";
				SUPPORTS_MACCATALYST = NO;
				SWIFT_APPROACHABLE_CONCURRENCY = YES;
				SWIFT_EMIT_LOC_STRINGS = NO;
				SWIFT_UPCOMING_FEATURE_MEMBER_IMPORT_VISIBILITY = YES;
				SWIFT_VERSION = 5.0;
				TARGETED_DEVICE_FAMILY = 1;
			};
			name = Release;
		};
		A7A630E32E94902200847F11 /* Debug configuration for PBXNativeTarget "EssentialFeedAPIEndToEndTests" */ = {
			isa = XCBuildConfiguration;
			buildSettings = {
				CLANG_CXX_LANGUAGE_STANDARD = "gnu++20";
				CODE_SIGN_STYLE = Automatic;
				CURRENT_PROJECT_VERSION = 1;
				DEVELOPMENT_TEAM = 3288B6Y39Y;
				GCC_C_LANGUAGE_STANDARD = gnu17;
				GENERATE_INFOPLIST_FILE = YES;
				IPHONEOS_DEPLOYMENT_TARGET = 16.4;
				LOCALIZATION_PREFERS_STRING_CATALOGS = YES;
				MACOSX_DEPLOYMENT_TARGET = 15.6;
				MARKETING_VERSION = 1.0;
				PRODUCT_BUNDLE_IDENTIFIER = com.rhuancoder.EssentialFeedAPIEndToEndTests;
				PRODUCT_NAME = "$(TARGET_NAME)";
				STRING_CATALOG_GENERATE_SYMBOLS = NO;
				SUPPORTED_PLATFORMS = "iphoneos iphonesimulator macosx";
				SUPPORTS_MACCATALYST = NO;
				SWIFT_ACTIVE_COMPILATION_CONDITIONS = "DEBUG $(inherited)";
				SWIFT_EMIT_LOC_STRINGS = NO;
				SWIFT_UPCOMING_FEATURE_MEMBER_IMPORT_VISIBILITY = YES;
				SWIFT_VERSION = 5.0;
				TARGETED_DEVICE_FAMILY = 1;
			};
			name = Debug;
		};
		A7A630E42E94902200847F11 /* Release configuration for PBXNativeTarget "EssentialFeedAPIEndToEndTests" */ = {
			isa = XCBuildConfiguration;
			buildSettings = {
				CLANG_CXX_LANGUAGE_STANDARD = "gnu++20";
				CODE_SIGN_STYLE = Automatic;
				CURRENT_PROJECT_VERSION = 1;
				DEVELOPMENT_TEAM = 3288B6Y39Y;
				GCC_C_LANGUAGE_STANDARD = gnu17;
				GENERATE_INFOPLIST_FILE = YES;
				IPHONEOS_DEPLOYMENT_TARGET = 16.4;
				LOCALIZATION_PREFERS_STRING_CATALOGS = YES;
				MACOSX_DEPLOYMENT_TARGET = 15.6;
				MARKETING_VERSION = 1.0;
				PRODUCT_BUNDLE_IDENTIFIER = com.rhuancoder.EssentialFeedAPIEndToEndTests;
				PRODUCT_NAME = "$(TARGET_NAME)";
				STRING_CATALOG_GENERATE_SYMBOLS = NO;
				SUPPORTED_PLATFORMS = "iphoneos iphonesimulator macosx";
				SUPPORTS_MACCATALYST = NO;
				SWIFT_EMIT_LOC_STRINGS = NO;
				SWIFT_UPCOMING_FEATURE_MEMBER_IMPORT_VISIBILITY = YES;
				SWIFT_VERSION = 5.0;
				TARGETED_DEVICE_FAMILY = 1;
			};
			name = Release;
		};
		A7F0F8BF2F3AAB04000A9691 /* Debug configuration for PBXNativeTarget "EssentialFeediOS" */ = {
			isa = XCBuildConfiguration;
			buildSettings = {
				BUILD_LIBRARY_FOR_DISTRIBUTION = NO;
				CLANG_CXX_LANGUAGE_STANDARD = "gnu++20";
				CLANG_ENABLE_MODULES = YES;
				CODE_SIGN_IDENTITY = "";
				CODE_SIGN_STYLE = Automatic;
				CURRENT_PROJECT_VERSION = 1;
				DEFINES_MODULE = YES;
				DEVELOPMENT_TEAM = 3288B6Y39Y;
				DYLIB_COMPATIBILITY_VERSION = 1;
				DYLIB_CURRENT_VERSION = 1;
				DYLIB_INSTALL_NAME_BASE = "@rpath";
				ENABLE_MODULE_VERIFIER = YES;
				GCC_C_LANGUAGE_STANDARD = gnu17;
				GENERATE_INFOPLIST_FILE = YES;
				INFOPLIST_KEY_NSHumanReadableCopyright = "";
				INSTALL_PATH = "$(LOCAL_LIBRARY_DIR)/Frameworks";
				IPHONEOS_DEPLOYMENT_TARGET = 16.4;
				LD_RUNPATH_SEARCH_PATHS = (
					"$(inherited)",
					"@executable_path/Frameworks",
					"@loader_path/Frameworks",
				);
				LOCALIZATION_PREFERS_STRING_CATALOGS = YES;
				MARKETING_VERSION = 1.0;
				MODULE_VERIFIER_SUPPORTED_LANGUAGES = "objective-c objective-c++";
				MODULE_VERIFIER_SUPPORTED_LANGUAGE_STANDARDS = "gnu17 gnu++20";
				PRODUCT_BUNDLE_IDENTIFIER = com.rhuancoder.EssentialFeediOS;
				PRODUCT_NAME = "$(TARGET_NAME:c99extidentifier)";
				SDKROOT = iphoneos;
				SKIP_INSTALL = YES;
				STRING_CATALOG_GENERATE_SYMBOLS = YES;
				SUPPORTED_PLATFORMS = "iphoneos iphonesimulator";
				SUPPORTS_MACCATALYST = NO;
				SUPPORTS_MAC_DESIGNED_FOR_IPHONE_IPAD = NO;
				SUPPORTS_XR_DESIGNED_FOR_IPHONE_IPAD = NO;
				SWIFT_ACTIVE_COMPILATION_CONDITIONS = "DEBUG $(inherited)";
				SWIFT_APPROACHABLE_CONCURRENCY = YES;
				SWIFT_EMIT_LOC_STRINGS = YES;
				SWIFT_INSTALL_MODULE = YES;
				SWIFT_INSTALL_OBJC_HEADER = NO;
				SWIFT_OPTIMIZATION_LEVEL = "-Onone";
				SWIFT_UPCOMING_FEATURE_MEMBER_IMPORT_VISIBILITY = YES;
				SWIFT_VERSION = 5.0;
				TARGETED_DEVICE_FAMILY = 1;
			};
			name = Debug;
		};
		A7F0F8C02F3AAB04000A9691 /* Release configuration for PBXNativeTarget "EssentialFeediOS" */ = {
			isa = XCBuildConfiguration;
			buildSettings = {
				BUILD_LIBRARY_FOR_DISTRIBUTION = NO;
				CLANG_CXX_LANGUAGE_STANDARD = "gnu++20";
				CLANG_ENABLE_MODULES = YES;
				CODE_SIGN_IDENTITY = "";
				CODE_SIGN_STYLE = Automatic;
				CURRENT_PROJECT_VERSION = 1;
				DEFINES_MODULE = YES;
				DEVELOPMENT_TEAM = 3288B6Y39Y;
				DYLIB_COMPATIBILITY_VERSION = 1;
				DYLIB_CURRENT_VERSION = 1;
				DYLIB_INSTALL_NAME_BASE = "@rpath";
				ENABLE_MODULE_VERIFIER = YES;
				GCC_C_LANGUAGE_STANDARD = gnu17;
				GENERATE_INFOPLIST_FILE = YES;
				INFOPLIST_KEY_NSHumanReadableCopyright = "";
				INSTALL_PATH = "$(LOCAL_LIBRARY_DIR)/Frameworks";
				IPHONEOS_DEPLOYMENT_TARGET = 16.4;
				LD_RUNPATH_SEARCH_PATHS = (
					"$(inherited)",
					"@executable_path/Frameworks",
					"@loader_path/Frameworks",
				);
				LOCALIZATION_PREFERS_STRING_CATALOGS = YES;
				MARKETING_VERSION = 1.0;
				MODULE_VERIFIER_SUPPORTED_LANGUAGES = "objective-c objective-c++";
				MODULE_VERIFIER_SUPPORTED_LANGUAGE_STANDARDS = "gnu17 gnu++20";
				PRODUCT_BUNDLE_IDENTIFIER = com.rhuancoder.EssentialFeediOS;
				PRODUCT_NAME = "$(TARGET_NAME:c99extidentifier)";
				SDKROOT = iphoneos;
				SKIP_INSTALL = YES;
				STRING_CATALOG_GENERATE_SYMBOLS = YES;
				SUPPORTED_PLATFORMS = "iphoneos iphonesimulator";
				SUPPORTS_MACCATALYST = NO;
				SUPPORTS_MAC_DESIGNED_FOR_IPHONE_IPAD = NO;
				SUPPORTS_XR_DESIGNED_FOR_IPHONE_IPAD = NO;
				SWIFT_APPROACHABLE_CONCURRENCY = YES;
				SWIFT_EMIT_LOC_STRINGS = YES;
				SWIFT_INSTALL_MODULE = YES;
				SWIFT_INSTALL_OBJC_HEADER = NO;
				SWIFT_UPCOMING_FEATURE_MEMBER_IMPORT_VISIBILITY = YES;
				SWIFT_VERSION = 5.0;
				TARGETED_DEVICE_FAMILY = 1;
				VALIDATE_PRODUCT = YES;
			};
			name = Release;
		};
		A7F0F8C12F3AAB04000A9691 /* Debug configuration for PBXNativeTarget "EssentialFeediOSTests" */ = {
			isa = XCBuildConfiguration;
			buildSettings = {
				CLANG_CXX_LANGUAGE_STANDARD = "gnu++20";
				CLANG_ENABLE_MODULES = YES;
				CODE_SIGN_STYLE = Automatic;
				CURRENT_PROJECT_VERSION = 1;
				DEVELOPMENT_TEAM = 3288B6Y39Y;
				GCC_C_LANGUAGE_STANDARD = gnu17;
				GENERATE_INFOPLIST_FILE = YES;
				IPHONEOS_DEPLOYMENT_TARGET = 16.4;
				LOCALIZATION_PREFERS_STRING_CATALOGS = YES;
				MARKETING_VERSION = 1.0;
				PRODUCT_BUNDLE_IDENTIFIER = com.rhuancoder.EssentialFeediOSTests;
				PRODUCT_NAME = "$(TARGET_NAME)";
				SDKROOT = iphoneos;
				STRING_CATALOG_GENERATE_SYMBOLS = NO;
				SUPPORTED_PLATFORMS = "iphoneos iphonesimulator";
				SUPPORTS_MACCATALYST = NO;
				SUPPORTS_XR_DESIGNED_FOR_IPHONE_IPAD = NO;
				SWIFT_ACTIVE_COMPILATION_CONDITIONS = "DEBUG $(inherited)";
				SWIFT_APPROACHABLE_CONCURRENCY = YES;
				SWIFT_EMIT_LOC_STRINGS = NO;
				SWIFT_OPTIMIZATION_LEVEL = "-Onone";
				SWIFT_UPCOMING_FEATURE_MEMBER_IMPORT_VISIBILITY = YES;
				SWIFT_VERSION = 5.0;
				TARGETED_DEVICE_FAMILY = 1;
			};
			name = Debug;
		};
		A7F0F8C22F3AAB04000A9691 /* Release configuration for PBXNativeTarget "EssentialFeediOSTests" */ = {
			isa = XCBuildConfiguration;
			buildSettings = {
				CLANG_CXX_LANGUAGE_STANDARD = "gnu++20";
				CLANG_ENABLE_MODULES = YES;
				CODE_SIGN_STYLE = Automatic;
				CURRENT_PROJECT_VERSION = 1;
				DEVELOPMENT_TEAM = 3288B6Y39Y;
				GCC_C_LANGUAGE_STANDARD = gnu17;
				GENERATE_INFOPLIST_FILE = YES;
				IPHONEOS_DEPLOYMENT_TARGET = 16.4;
				LOCALIZATION_PREFERS_STRING_CATALOGS = YES;
				MARKETING_VERSION = 1.0;
				PRODUCT_BUNDLE_IDENTIFIER = com.rhuancoder.EssentialFeediOSTests;
				PRODUCT_NAME = "$(TARGET_NAME)";
				SDKROOT = iphoneos;
				STRING_CATALOG_GENERATE_SYMBOLS = NO;
				SUPPORTED_PLATFORMS = "iphoneos iphonesimulator";
				SUPPORTS_MACCATALYST = NO;
				SUPPORTS_XR_DESIGNED_FOR_IPHONE_IPAD = NO;
				SWIFT_APPROACHABLE_CONCURRENCY = YES;
				SWIFT_EMIT_LOC_STRINGS = NO;
				SWIFT_UPCOMING_FEATURE_MEMBER_IMPORT_VISIBILITY = YES;
				SWIFT_VERSION = 5.0;
				TARGETED_DEVICE_FAMILY = 1;
				VALIDATE_PRODUCT = YES;
			};
			name = Release;
		};
/* End XCBuildConfiguration section */

/* Begin XCConfigurationList section */
		080EDEEB21B6DA7E00813479 /* Build configuration list for PBXProject "EssentialFeed" */ = {
			isa = XCConfigurationList;
			buildConfigurations = (
				080EDF0321B6DA7E00813479 /* Debug configuration for PBXProject "EssentialFeed" */,
				080EDF0421B6DA7E00813479 /* Release configuration for PBXProject "EssentialFeed" */,
			);
			defaultConfigurationName = Release;
		};
		080EDF0521B6DA7E00813479 /* Build configuration list for PBXNativeTarget "EssentialFeed" */ = {
			isa = XCConfigurationList;
			buildConfigurations = (
				080EDF0621B6DA7E00813479 /* Debug configuration for PBXNativeTarget "EssentialFeed" */,
				080EDF0721B6DA7E00813479 /* Release configuration for PBXNativeTarget "EssentialFeed" */,
			);
			defaultConfigurationName = Release;
		};
		080EDF0821B6DA7E00813479 /* Build configuration list for PBXNativeTarget "EssentialFeedTests" */ = {
			isa = XCConfigurationList;
			buildConfigurations = (
				080EDF0921B6DA7E00813479 /* Debug configuration for PBXNativeTarget "EssentialFeedTests" */,
				080EDF0A21B6DA7E00813479 /* Release configuration for PBXNativeTarget "EssentialFeedTests" */,
			);
			defaultConfigurationName = Release;
		};
		A7965F002EF364750019A50B /* Build configuration list for PBXNativeTarget "EssentialFeedCacheIntegrationTests" */ = {
			isa = XCConfigurationList;
			buildConfigurations = (
				A7965EFE2EF364750019A50B /* Debug configuration for PBXNativeTarget "EssentialFeedCacheIntegrationTests" */,
				A7965EFF2EF364750019A50B /* Release configuration for PBXNativeTarget "EssentialFeedCacheIntegrationTests" */,
			);
			defaultConfigurationName = Release;
		};
		A7A630E22E94902200847F11 /* Build configuration list for PBXNativeTarget "EssentialFeedAPIEndToEndTests" */ = {
			isa = XCConfigurationList;
			buildConfigurations = (
				A7A630E32E94902200847F11 /* Debug configuration for PBXNativeTarget "EssentialFeedAPIEndToEndTests" */,
				A7A630E42E94902200847F11 /* Release configuration for PBXNativeTarget "EssentialFeedAPIEndToEndTests" */,
			);
			defaultConfigurationName = Release;
		};
		A7F0F8C32F3AAB04000A9691 /* Build configuration list for PBXNativeTarget "EssentialFeediOS" */ = {
			isa = XCConfigurationList;
			buildConfigurations = (
				A7F0F8BF2F3AAB04000A9691 /* Debug configuration for PBXNativeTarget "EssentialFeediOS" */,
				A7F0F8C02F3AAB04000A9691 /* Release configuration for PBXNativeTarget "EssentialFeediOS" */,
			);
			defaultConfigurationName = Release;
		};
		A7F0F8C42F3AAB04000A9691 /* Build configuration list for PBXNativeTarget "EssentialFeediOSTests" */ = {
			isa = XCConfigurationList;
			buildConfigurations = (
				A7F0F8C12F3AAB04000A9691 /* Debug configuration for PBXNativeTarget "EssentialFeediOSTests" */,
				A7F0F8C22F3AAB04000A9691 /* Release configuration for PBXNativeTarget "EssentialFeediOSTests" */,
			);
			defaultConfigurationName = Release;
		};
/* End XCConfigurationList section */

/* Begin XCVersionGroup section */
		A7C8B3882EF226BC00319080 /* FeedStore.xcdatamodeld */ = {
			isa = XCVersionGroup;
			children = (
				A7A3AACE2F58F21C00C9AF13 /* FeedStore2.xcdatamodel */,
				A7C8B3892EF226BC00319080 /* FeedStore.xcdatamodel */,
			);
			currentVersion = A7A3AACE2F58F21C00C9AF13 /* FeedStore2.xcdatamodel */;
			path = FeedStore.xcdatamodeld;
			sourceTree = "<group>";
			versionGroupType = wrapper.xcdatamodel;
		};
/* End XCVersionGroup section */
	};
	rootObject = 080EDEE821B6DA7E00813479 /* Project object */;
}
